{
  "version": 1,
  "dependencies": {
    "net10.0": {
      "GnuGetOpt": {
        "type": "Direct",
        "requested": "[1.1.3, )",
        "resolved": "1.1.3",
        "contentHash": "hJUC3uBuil+m5nomgpM95Jhcbib3XjOjap+m79K2QNLubmY5ghw6WReJDGCKnjzlB/ePKDSGokQerC42I5MTnQ=="
      },
      "Microsoft.DotNet.ILCompiler": {
        "type": "Direct",
        "requested": "[10.0.5, )",
        "resolved": "10.0.5",
        "contentHash": "3Fb+xF56wbjRCp4wC7LCRck+lhQv5UhFAw1xDcuXIugoPAuVJuKOdA/rUmGST73ki6ib+8TD0AhbVvacTdyRmg=="
      },
      "Microsoft.NET.ILLink.Tasks": {
        "type": "Direct",
        "requested": "[10.0.5, )",
        "resolved": "10.0.5",
        "contentHash": "rCJ2ZNQxqNTEVoZ4REd2NEr8GR9dp2vE1wH6VZ9gIKYzQ0em/Ka+4AitXx7CXs3mdaTxUycoIiVRjQBsm8wV2w=="
      },
      "IPNetwork2": {
        "type": "Project"
      }
    },
    "net10.0/osx-arm64": {}
  }
}