{
  "version": 1,
  "dependencies": {
    "net10.0": {
      "coverlet.collector": {
        "type": "Direct",
        "requested": "[10.0.0, )",
        "resolved": "10.0.0",
        "contentHash": "WFejCcOUR6k8UYyDnnR6Gk+obFYMsWrZuNqPJnsVFGVhpPSN0y20D4qbdKJnXinYGx9PQ397Hf9TnU1NBST8vA=="
      },
      "coverlet.msbuild": {
        "type": "Direct",
        "requested": "[10.0.0, )",
        "resolved": "10.0.0",
        "contentHash": "pmUxktztlMnsIvgHjzxG3fHRAXpqmZSA+W8dIsbVMfwI01SnBndrBIOE3Stg6987+o7HjBa62C4q5um3Ia6d9g=="
      },
      "Microsoft.CodeCoverage": {
        "type": "Direct",
        "requested": "[18.5.1, )",
        "resolved": "18.5.1",
        "contentHash": "vMFDR1ZjqzzgKmM0zrPie7Gv9Y+ZppjODB5Quzu9Eq0TlIusUfUCYFPEawO91zQuqwzvdFbJSU7WHNtjStffJQ=="
      },
      "Microsoft.NET.Test.Sdk": {
        "type": "Direct",
        "requested": "[18.5.1, )",
        "resolved": "18.5.1",
        "contentHash": "SfqVaLiIqAbRWuPg5BP4QFwBIirQj/YIL8Dhxl6zntBKbXp0cQykoV480SmwG+yRMiWptxEI6NbHQuGSZ8b97w==",
        "dependencies": {
          "Microsoft.CodeCoverage": "18.5.1",
          "Microsoft.TestPlatform.TestHost": "18.5.1"
        }
      },
      "MSTest.TestAdapter": {
        "type": "Direct",
        "requested": "[4.2.1, )",
        "resolved": "4.2.1",
        "contentHash": "lZRgNzaQnffK4XLjM/og4Eoqp/3IkpcyJQQcyKXkPdkzCT3+ghpwHa9zG1xYhQDbUFoc54M+/waLwh31K9stDQ==",
        "dependencies": {
          "MSTest.TestFramework": "4.2.1",
          "Microsoft.Testing.Extensions.VSTestBridge": "2.2.1",
          "Microsoft.Testing.Platform.MSBuild": "2.2.1"
        }
      },
      "MSTest.TestFramework": {
        "type": "Direct",
        "requested": "[4.2.1, )",
        "resolved": "4.2.1",
        "contentHash": "I4/RbS2TpGZ56CE98+jPbrGlcerYtw2LvPVKzQGvyQQcJDekPy2Kd+fnThXYn+geJ1sW+vA9B7++rFNxvKcWxA==",
        "dependencies": {
          "MSTest.Analyzers": "4.2.1"
        }
      },
      "NetArchTest.eNhancedEdition": {
        "type": "Direct",
        "requested": "[1.4.5, )",
        "resolved": "1.4.5",
        "contentHash": "dfWIjcLS2MBGz403OoT+vxr/4Dz/f7MnQhEwmgaf7PXlWzG39LSiUPhW7OPx9Ebg/GNWvDAttlpq5FY0mG/qkg==",
        "dependencies": {
          "Mono.Cecil": "0.11.6"
        }
      },
      "Newtonsoft.Json": {
        "type": "Direct",
        "requested": "[13.0.4, )",
        "resolved": "13.0.4",
        "contentHash": "pdgNNMai3zv51W5aq268sujXUyx7SNdE2bj1wZcWjAQrKMFZV260lbqYop1d2GM67JI1huLRwxo9ZqnfF/lC6A=="
      },
      "GnuGetOpt": {
        "type": "Transitive",
        "resolved": "1.1.3",
        "contentHash": "hJUC3uBuil+m5nomgpM95Jhcbib3XjOjap+m79K2QNLubmY5ghw6WReJDGCKnjzlB/ePKDSGokQerC42I5MTnQ=="
      },
      "Microsoft.ApplicationInsights": {
        "type": "Transitive",
        "resolved": "2.23.0",
        "contentHash": "nWArUZTdU7iqZLycLKWe0TDms48KKGE6pONH2terYNa8REXiqixrMOkf1sk5DHGMaUTqONU2YkS4SAXBhLStgw=="
      },
      "Microsoft.Testing.Extensions.Telemetry": {
        "type": "Transitive",
        "resolved": "2.2.1",
        "contentHash": "7zB8BjffOyvqfHF26rFVPuK0w1fCf5+j1tLuhHIr76CqxXkGb+fMJtq6YNOV+m6qPytExHMXxluk3RgJ+dSIqw==",
        "dependencies": {
          "Microsoft.ApplicationInsights": "2.23.0",
          "Microsoft.Testing.Platform": "2.2.1"
        }
      },
      "Microsoft.Testing.Extensions.TrxReport.Abstractions": {
        "type": "Transitive",
        "resolved": "2.2.1",
        "contentHash": "RD6D1Jx6cKDA5IHd1H2q8ylIuQG3PD+gdULI0JC8CvsRtaypFzTFpB5xDPuQi8o6kAkcM04cBhAiJPxZboNH2Q==",
        "dependencies": {
          "Microsoft.Testing.Platform": "2.2.1"
        }
      },
      "Microsoft.Testing.Extensions.VSTestBridge": {
        "type": "Transitive",
        "resolved": "2.2.1",
        "contentHash": "D8AGlkNtlTQPe3zf4SLnHBMr13lerMe0RuHSoRfnRatcuX/T7YbRtgn39rWBjKhXsNio0WXKrPKv3gfWE2I46w==",
        "dependencies": {
          "Microsoft.TestPlatform.ObjectModel": "18.3.0",
          "Microsoft.Testing.Extensions.Telemetry": "2.2.1",
          "Microsoft.Testing.Extensions.TrxReport.Abstractions": "2.2.1",
          "Microsoft.Testing.Platform": "2.2.1"
        }
      },
      "Microsoft.Testing.Platform": {
        "type": "Transitive",
        "resolved": "2.2.1",
        "contentHash": "9bbPuls/b6/vUFzxbSjJLZlJHyKBfOZE5kjIY+ITI2ASqlFPJhR83BdLydJeQOCLEZhEbrEcz5xtt1B69nwSVg=="
      },
      "Microsoft.Testing.Platform.MSBuild": {
        "type": "Transitive",
        "resolved": "2.2.1",
        "contentHash": "CSJOcZHfKlTyPbS0CTJk6iEnU4gJC+eUA5z72UBnMDRdgVHYOmB8k9Y7jT233gZjnCOQiYFg3acQHRfu2H62nw==",
        "dependencies": {
          "Microsoft.Testing.Platform": "2.2.1"
        }
      },
      "Microsoft.TestPlatform.ObjectModel": {
        "type": "Transitive",
        "resolved": "18.5.1",
        "contentHash": "KNZd+M0S0rz5eNAln0pbZX+A/RbokYZCbGKx4fN4CkhtWhkz6nSJDO+9LGYjRE4d0WPVriJ2JnVubkjt3+PpMg=="
      },
      "Microsoft.TestPlatform.TestHost": {
        "type": "Transitive",
        "resolved": "18.5.1",
        "contentHash": "RM+3JNHEoHOCFXzVntUcIiYxzPjzBN0N8wto6HYXi76YyBTZ/3CeRL8U+Pk5zx3AUrOmHxDvKJwGUCdElU9bJg==",
        "dependencies": {
          "Microsoft.TestPlatform.ObjectModel": "18.5.1",
          "Newtonsoft.Json": "13.0.3"
        }
      },
      "Mono.Cecil": {
        "type": "Transitive",
        "resolved": "0.11.6",
        "contentHash": "f33RkDtZO8VlGXCtmQIviOtxgnUdym9xx/b1p9h91CRGOsJFxCFOFK1FDbVt1OCf1aWwYejUFa2MOQyFWTFjbA=="
      },
      "MSTest.Analyzers": {
        "type": "Transitive",
        "resolved": "4.2.1",
        "contentHash": "1i9jgE/42KGGyZ4s0MdrYM/Uu/dRYhbRfYQifcO0AZ6vw4sBXRjoQGQRGNSm771AYgPAmoGl0u4sJc2lMET6HQ=="
      },
      "ipnetwork": {
        "type": "Project",
        "dependencies": {
          "GnuGetOpt": "[1.1.3, )",
          "IPNetwork2": "[4.0.0, )"
        }
      },
      "IPNetwork2": {
        "type": "Project"
      }
    }
  }
}